// !$*UTF8*$!
{
	archiveVersion = 1;
	classes = {
	};
	objectVersion = 50;
	objects = {

/* Begin PBXBuildFile section */
		76A1927A5336952239D2D33C /* Pods_GitHubAPIExercise.framework in Frameworks */ = {isa = PBXBuildFile; fileRef = 8B74637D47A1C03173E24FD4 /* Pods_GitHubAPIExercise.framework */; };
		F911EF0D230D0EA3009A8913 /* AppDelegate.swift in Sources */ = {isa = PBXBuildFile; fileRef = F911EF0C230D0EA3009A8913 /* AppDelegate.swift */; };
		F911EF12230D0EA3009A8913 /* Main.storyboard in Resources */ = {isa = PBXBuildFile; fileRef = F911EF10230D0EA3009A8913 /* Main.storyboard */; };
		F911EF14230D0EA4009A8913 /* Assets.xcassets in Resources */ = {isa = PBXBuildFile; fileRef = F911EF13230D0EA4009A8913 /* Assets.xcassets */; };
		F911EF17230D0EA4009A8913 /* LaunchScreen.storyboard in Resources */ = {isa = PBXBuildFile; fileRef = F911EF15230D0EA4009A8913 /* LaunchScreen.storyboard */; };
		F911EF25230D10C3009A8913 /* Coordinator.swift in Sources */ = {isa = PBXBuildFile; fileRef = F911EF24230D10C3009A8913 /* Coordinator.swift */; };
		F911EF27230D10F3009A8913 /* MainTableVC.swift in Sources */ = {isa = PBXBuildFile; fileRef = F911EF26230D10F3009A8913 /* MainTableVC.swift */; };
		F911EF29230D10FF009A8913 /* SecondVC.swift in Sources */ = {isa = PBXBuildFile; fileRef = F911EF28230D10FF009A8913 /* SecondVC.swift */; };
		F911EF2B230D11B3009A8913 /* UserList.swift in Sources */ = {isa = PBXBuildFile; fileRef = F911EF2A230D11B3009A8913 /* UserList.swift */; };
		F911EF2D230D11E4009A8913 /* UserListCell.swift in Sources */ = {isa = PBXBuildFile; fileRef = F911EF2C230D11E4009A8913 /* UserListCell.swift */; };
		F911EF2F230D1226009A8913 /* UserListService.swift in Sources */ = {isa = PBXBuildFile; fileRef = F911EF2E230D1226009A8913 /* UserListService.swift */; };
/* End PBXBuildFile section */

/* Begin PBXFileReference section */
		26DD62FB0C69BCBF900877F7 /* Pods-GitHubAPIExercise.debug.xcconfig */ = {isa = PBXFileReference; includeInIndex = 1; lastKnownFileType = text.xcconfig; name = "Pods-GitHubAPIExercise.debug.xcconfig"; path = "Pods/Target Support Files/Pods-GitHubAPIExercise/Pods-GitHubAPIExercise.debug.xcconfig"; sourceTree = "<group>"; };
		8B74637D47A1C03173E24FD4 /* Pods_GitHubAPIExercise.framework */ = {isa = PBXFileReference; explicitFileType = wrapper.framework; includeInIndex = 0; path = Pods_GitHubAPIExercise.framework; sourceTree = BUILT_PRODUCTS_DIR; };
		EED40071EAD9BFE4A0FD0B28 /* Pods-GitHubAPIExercise.release.xcconfig */ = {isa = PBXFileReference; includeInIndex = 1; lastKnownFileType = text.xcconfig; name = "Pods-GitHubAPIExercise.release.xcconfig"; path = "Pods/Target Support Files/Pods-GitHubAPIExercise/Pods-GitHubAPIExercise.release.xcconfig"; sourceTree = "<group>"; };
		F911EF09230D0EA2009A8913 /* GitHubAPIExercise.app */ = {isa = PBXFileReference; explicitFileType = wrapper.application; includeInIndex = 0; path = GitHubAPIExercise.app; sourceTree = BUILT_PRODUCTS_DIR; };
		F911EF0C230D0EA3009A8913 /* AppDelegate.swift */ = {isa = PBXFileReference; lastKnownFileType = sourcecode.swift; path = AppDelegate.swift; sourceTree = "<group>"; };
		F911EF11230D0EA3009A8913 /* Base */ = {isa = PBXFileReference; lastKnownFileType = file.storyboard; name = Base; path = Base.lproj/Main.storyboard; sourceTree = "<group>"; };
		F911EF13230D0EA4009A8913 /* Assets.xcassets */ = {isa = PBXFileReference; lastKnownFileType = folder.assetcatalog; path = Assets.xcassets; sourceTree = "<group>"; };
		F911EF16230D0EA4009A8913 /* Base */ = {isa = PBXFileReference; lastKnownFileType = file.storyboard; name = Base; path = Base.lproj/LaunchScreen.storyboard; sourceTree = "<group>"; };
		F911EF18230D0EA4009A8913 /* Info.plist */ = {isa = PBXFileReference; lastKnownFileType = text.plist.xml; path = Info.plist; sourceTree = "<group>"; };
		F911EF24230D10C3009A8913 /* Coordinator.swift */ = {isa = PBXFileReference; lastKnownFileType = sourcecode.swift; path = Coordinator.swift; sourceTree = "<group>"; };
		F911EF26230D10F3009A8913 /* MainTableVC.swift */ = {isa = PBXFileReference; lastKnownFileType = sourcecode.swift; path = MainTableVC.swift; sourceTree = "<group>"; };
		F911EF28230D10FF009A8913 /* SecondVC.swift */ = {isa = PBXFileReference; lastKnownFileType = sourcecode.swift; path = SecondVC.swift; sourceTree = "<group>"; };
		F911EF2A230D11B3009A8913 /* UserList.swift */ = {isa = PBXFileReference; lastKnownFileType = sourcecode.swift; path = UserList.swift; sourceTree = "<group>"; };
		F911EF2C230D11E4009A8913 /* UserListCell.swift */ = {isa = PBXFileReference; lastKnownFileType = sourcecode.swift; path = UserListCell.swift; sourceTree = "<group>"; };
		F911EF2E230D1226009A8913 /* UserListService.swift */ = {isa = PBXFileReference; lastKnownFileType = sourcecode.swift; path = UserListService.swift; sourceTree = "<group>"; };
/* End PBXFileReference section */

/* Begin PBXFrameworksBuildPhase section */
		F911EF06230D0EA2009A8913 /* Frameworks */ = {
			isa = PBXFrameworksBuildPhase;
			buildActionMask = 2147483647;
			files = (
				76A1927A5336952239D2D33C /* Pods_GitHubAPIExercise.framework in Frameworks */,
			);
			runOnlyForDeploymentPostprocessing = 0;
		};
/* End PBXFrameworksBuildPhase section */

/* Begin PBXGroup section */
		92399CEA6D52DFCDA94731D1 /* Frameworks */ = {
			isa = PBXGroup;
			children = (
				8B74637D47A1C03173E24FD4 /* Pods_GitHubAPIExercise.framework */,
			);
			name = Frameworks;
			sourceTree = "<group>";
		};
		F911EF00230D0EA2009A8913 = {
			isa = PBXGroup;
			children = (
				F911EF0B230D0EA3009A8913 /* GitHubAPIExercise */,
				F911EF0A230D0EA2009A8913 /* Products */,
				F92FD82E57E268A6C0B76862 /* Pods */,
				92399CEA6D52DFCDA94731D1 /* Frameworks */,
			);
			sourceTree = "<group>";
		};
		F911EF0A230D0EA2009A8913 /* Products */ = {
			isa = PBXGroup;
			children = (
				F911EF09230D0EA2009A8913 /* GitHubAPIExercise.app */,
			);
			name = Products;
			sourceTree = "<group>";
		};
		F911EF0B230D0EA3009A8913 /* GitHubAPIExercise */ = {
			isa = PBXGroup;
			children = (
				F911EF23230D1096009A8913 /* Basic */,
				F911EF1E230D1049009A8913 /* Service */,
				F911EF1F230D105E009A8913 /* Model */,
				F911EF20230D1061009A8913 /* View */,
				F911EF21230D106F009A8913 /* Controller */,
				F911EF22230D107D009A8913 /* Coordinator */,
				F911EF30230D130A009A8913 /* Support */,
				F911EF18230D0EA4009A8913 /* Info.plist */,
			);
			path = GitHubAPIExercise;
			sourceTree = "<group>";
		};
		F911EF1E230D1049009A8913 /* Service */ = {
			isa = PBXGroup;
			children = (
				F911EF2E230D1226009A8913 /* UserListService.swift */,
			);
			path = Service;
			sourceTree = "<group>";
		};
		F911EF1F230D105E009A8913 /* Model */ = {
			isa = PBXGroup;
			children = (
				F911EF2A230D11B3009A8913 /* UserList.swift */,
			);
			name = Model;
			path = ..;
			sourceTree = "<group>";
		};
		F911EF20230D1061009A8913 /* View */ = {
			isa = PBXGroup;
			children = (
				F911EF2C230D11E4009A8913 /* UserListCell.swift */,
			);
			path = View;
			sourceTree = "<group>";
		};
		F911EF21230D106F009A8913 /* Controller */ = {
			isa = PBXGroup;
			children = (
				F911EF26230D10F3009A8913 /* MainTableVC.swift */,
				F911EF28230D10FF009A8913 /* SecondVC.swift */,
			);
			path = Controller;
			sourceTree = "<group>";
		};
		F911EF22230D107D009A8913 /* Coordinator */ = {
			isa = PBXGroup;
			children = (
				F911EF24230D10C3009A8913 /* Coordinator.swift */,
			);
			path = Coordinator;
			sourceTree = "<group>";
		};
		F911EF23230D1096009A8913 /* Basic */ = {
			isa = PBXGroup;
			children = (
				F911EF0C230D0EA3009A8913 /* AppDelegate.swift */,
			);
			path = Basic;
			sourceTree = "<group>";
		};
		F911EF30230D130A009A8913 /* Support */ = {
			isa = PBXGroup;
			children = (
				F911EF10230D0EA3009A8913 /* Main.storyboard */,
				F911EF13230D0EA4009A8913 /* Assets.xcassets */,
				F911EF15230D0EA4009A8913 /* LaunchScreen.storyboard */,
			);
			path = Support;
			sourceTree = "<group>";
		};
		F92FD82E57E268A6C0B76862 /* Pods */ = {
			isa = PBXGroup;
			children = (
				26DD62FB0C69BCBF900877F7 /* Pods-GitHubAPIExercise.debug.xcconfig */,
				EED40071EAD9BFE4A0FD0B28 /* Pods-GitHubAPIExercise.release.xcconfig */,
			);
			name = Pods;
			sourceTree = "<group>";
		};
/* End PBXGroup section */

/* Begin PBXNativeTarget section */
		F911EF08230D0EA2009A8913 /* GitHubAPIExercise */ = {
			isa = PBXNativeTarget;
			buildConfigurationList = F911EF1B230D0EA4009A8913 /* Build configuration list for PBXNativeTarget "GitHubAPIExercise" */;
			buildPhases = (
				7A795F9E4D622E4F708E67D7 /* [CP] Check Pods Manifest.lock */,
				F911EF05230D0EA2009A8913 /* Sources */,
				F911EF06230D0EA2009A8913 /* Frameworks */,
				F911EF07230D0EA2009A8913 /* Resources */,
				0ADA9F364BDCD774487EB163 /* [CP] Embed Pods Frameworks */,
				4D21207F46FE9C3C99DC3BBA /* [CP] Copy Pods Resources */,
			);
			buildRules = (
			);
			dependencies = (
			);
			name = GitHubAPIExercise;
			productName = GitHubAPIExercise;
			productReference = F911EF09230D0EA2009A8913 /* GitHubAPIExercise.app */;
			productType = "com.apple.product-type.application";
		};
/* End PBXNativeTarget section */

/* Begin PBXProject section */
		F911EF01230D0EA2009A8913 /* Project object */ = {
			isa = PBXProject;
			attributes = {
				LastSwiftUpdateCheck = 1030;
				LastUpgradeCheck = 1030;
				ORGANIZATIONNAME = inswag;
				TargetAttributes = {
					F911EF08230D0EA2009A8913 = {
						CreatedOnToolsVersion = 10.3;
					};
				};
			};
			buildConfigurationList = F911EF04230D0EA2009A8913 /* Build configuration list for PBXProject "GitHubAPIExercise" */;
			compatibilityVersion = "Xcode 9.3";
			developmentRegion = en;
			hasScannedForEncodings = 0;
			knownRegions = (
				en,
				Base,
			);
			mainGroup = F911EF00230D0EA2009A8913;
			productRefGroup = F911EF0A230D0EA2009A8913 /* Products */;
			projectDirPath = "";
			projectRoot = "";
			targets = (
				F911EF08230D0EA2009A8913 /* GitHubAPIExercise */,
			);
		};
/* End PBXProject section */

/* Begin PBXResourcesBuildPhase section */
		F911EF07230D0EA2009A8913 /* Resources */ = {
			isa = PBXResourcesBuildPhase;
			buildActionMask = 2147483647;
			files = (
				F911EF17230D0EA4009A8913 /* LaunchScreen.storyboard in Resources */,
				F911EF14230D0EA4009A8913 /* Assets.xcassets in Resources */,
				F911EF12230D0EA3009A8913 /* Main.storyboard in Resources */,
			);
			runOnlyForDeploymentPostprocessing = 0;
		};
/* End PBXResourcesBuildPhase section */

/* Begin PBXShellScriptBuildPhase section */
		0ADA9F364BDCD774487EB163 /* [CP] Embed Pods Frameworks */ = {
			isa = PBXShellScriptBuildPhase;
			buildActionMask = 2147483647;
			files = (
			);
			inputPaths = (
				"${SRCROOT}/Pods/Target Support Files/Pods-GitHubAPIExercise/Pods-GitHubAPIExercise-frameworks.sh",
				"${BUILT_PRODUCTS_DIR}/Alamofire/Alamofire.framework",
				"${BUILT_PRODUCTS_DIR}/Kingfisher/Kingfisher.framework",
				"${BUILT_PRODUCTS_DIR}/Moya/Moya.framework",
				"${BUILT_PRODUCTS_DIR}/Result/Result.framework",
				"${BUILT_PRODUCTS_DIR}/SnapKit/SnapKit.framework",
			);
			name = "[CP] Embed Pods Frameworks";
			outputPaths = (
				"${TARGET_BUILD_DIR}/${FRAMEWORKS_FOLDER_PATH}/Alamofire.framework",
				"${TARGET_BUILD_DIR}/${FRAMEWORKS_FOLDER_PATH}/Kingfisher.framework",
				"${TARGET_BUILD_DIR}/${FRAMEWORKS_FOLDER_PATH}/Moya.framework",
				"${TARGET_BUILD_DIR}/${FRAMEWORKS_FOLDER_PATH}/Result.framework",
				"${TARGET_BUILD_DIR}/${FRAMEWORKS_FOLDER_PATH}/SnapKit.framework",
			);
			runOnlyForDeploymentPostprocessing = 0;
			shellPath = /bin/sh;
			shellScript = "\"${SRCROOT}/Pods/Target Support Files/Pods-GitHubAPIExercise/Pods-GitHubAPIExercise-frameworks.sh\"\n";
			showEnvVarsInLog = 0;
		};
		4D21207F46FE9C3C99DC3BBA /* [CP] Copy Pods Resources */ = {
			isa = PBXShellScriptBuildPhase;
			buildActionMask = 2147483647;
			files = (
			);
			inputPaths = (
			);
			name = "[CP] Copy Pods Resources";
			outputPaths = (
			);
			runOnlyForDeploymentPostprocessing = 0;
			shellPath = /bin/sh;
			shellScript = "\"${SRCROOT}/Pods/Target Support Files/Pods-GitHubAPIExercise/Pods-GitHubAPIExercise-resources.sh\"\n";
			showEnvVarsInLog = 0;
		};
		7A795F9E4D622E4F708E67D7 /* [CP] Check Pods Manifest.lock */ = {
			isa = PBXShellScriptBuildPhase;
			buildActionMask = 2147483647;
			files = (
			);
			inputPaths = (
				"${PODS_PODFILE_DIR_PATH}/Podfile.lock",
				"${PODS_ROOT}/Manifest.lock",
			);
			name = "[CP] Check Pods Manifest.lock";
			outputPaths = (
				"$(DERIVED_FILE_DIR)/Pods-GitHubAPIExercise-checkManifestLockResult.txt",
			);
			runOnlyForDeploymentPostprocessing = 0;
			shellPath = /bin/sh;
			shellScript = "diff \"${PODS_PODFILE_DIR_PATH}/Podfile.lock\" \"${PODS_ROOT}/Manifest.lock\" > /dev/null\nif [ $? != 0 ] ; then\n    # print error to STDERR\n    echo \"error: The sandbox is not in sync with the Podfile.lock. Run 'pod install' or update your CocoaPods installation.\" >&2\n    exit 1\nfi\n# This output is used by Xcode 'outputs' to avoid re-running this script phase.\necho \"SUCCESS\" > \"${SCRIPT_OUTPUT_FILE_0}\"\n";
			showEnvVarsInLog = 0;
		};
/* End PBXShellScriptBuildPhase section */

/* Begin PBXSourcesBuildPhase section */
		F911EF05230D0EA2009A8913 /* Sources */ = {
			isa = PBXSourcesBuildPhase;
			buildActionMask = 2147483647;
			files = (
				F911EF27230D10F3009A8913 /* MainTableVC.swift in Sources */,
				F911EF0D230D0EA3009A8913 /* AppDelegate.swift in Sources */,
				F911EF2D230D11E4009A8913 /* UserListCell.swift in Sources */,
				F911EF2F230D1226009A8913 /* UserListService.swift in Sources */,
				F911EF25230D10C3009A8913 /* Coordinator.swift in Sources */,
				F911EF2B230D11B3009A8913 /* UserList.swift in Sources */,
				F911EF29230D10FF009A8913 /* SecondVC.swift in Sources */,
			);
			runOnlyForDeploymentPostprocessing = 0;
		};
/* End PBXSourcesBuildPhase section */

/* Begin PBXVariantGroup section */
		F911EF10230D0EA3009A8913 /* Main.storyboard */ = {
			isa = PBXVariantGroup;
			children = (
				F911EF11230D0EA3009A8913 /* Base */,
			);
			name = Main.storyboard;
			sourceTree = "<group>";
		};
		F911EF15230D0EA4009A8913 /* LaunchScreen.storyboard */ = {
			isa = PBXVariantGroup;
			children = (
				F911EF16230D0EA4009A8913 /* Base */,
			);
			name = LaunchScreen.storyboard;
			sourceTree = "<group>";
		};
/* End PBXVariantGroup section */

/* Begin XCBuildConfiguration section */
		F911EF19230D0EA4009A8913 /* Debug */ = {
			isa = XCBuildConfiguration;
			buildSettings = {
				ALWAYS_SEARCH_USER_PATHS = NO;
				CLANG_ANALYZER_NONNULL = YES;
				CLANG_ANALYZER_NUMBER_OBJECT_CONVERSION = YES_AGGRESSIVE;
				CLANG_CXX_LANGUAGE_STANDARD = "gnu++14";
				CLANG_CXX_LIBRARY = "libc++";
				CLANG_ENABLE_MODULES = YES;
				CLANG_ENABLE_OBJC_ARC = YES;
				CLANG_ENABLE_OBJC_WEAK = YES;
				CLANG_WARN_BLOCK_CAPTURE_AUTORELEASING = YES;
				CLANG_WARN_BOOL_CONVERSION = YES;
				CLANG_WARN_COMMA = YES;
				CLANG_WARN_CONSTANT_CONVERSION = YES;
				CLANG_WARN_DEPRECATED_OBJC_IMPLEMENTATIONS = YES;
				CLANG_WARN_DIRECT_OBJC_ISA_USAGE = YES_ERROR;
				CLANG_WARN_DOCUMENTATION_COMMENTS = YES;
				CLANG_WARN_EMPTY_BODY = YES;
				CLANG_WARN_ENUM_CONVERSION = YES;
				CLANG_WARN_INFINITE_RECURSION = YES;
				CLANG_WARN_INT_CONVERSION = YES;
				CLANG_WARN_NON_LITERAL_NULL_CONVERSION = YES;
				CLANG_WARN_OBJC_IMPLICIT_RETAIN_SELF = YES;
				CLANG_WARN_OBJC_LITERAL_CONVERSION = YES;
				CLANG_WARN_OBJC_ROOT_CLASS = YES_ERROR;
				CLANG_WARN_RANGE_LOOP_ANALYSIS = YES;
				CLANG_WARN_STRICT_PROTOTYPES = YES;
				CLANG_WARN_SUSPICIOUS_MOVE = YES;
				CLANG_WARN_UNGUARDED_AVAILABILITY = YES_AGGRESSIVE;
				CLANG_WARN_UNREACHABLE_CODE = YES;
				CLANG_WARN__DUPLICATE_METHOD_MATCH = YES;
				CODE_SIGN_IDENTITY = "iPhone Developer";
				COPY_PHASE_STRIP = NO;
				DEBUG_INFORMATION_FORMAT = dwarf;
				ENABLE_STRICT_OBJC_MSGSEND = YES;
				ENABLE_TESTABILITY = YES;
				GCC_C_LANGUAGE_STANDARD = gnu11;
				GCC_DYNAMIC_NO_PIC = NO;
				GCC_NO_COMMON_BLOCKS = YES;
				GCC_OPTIMIZATION_LEVEL = 0;
				GCC_PREPROCESSOR_DEFINITIONS = (
					"DEBUG=1",
					"$(inherited)",
				);
				GCC_WARN_64_TO_32_BIT_CONVERSION = YES;
				GCC_WARN_ABOUT_RETURN_TYPE = YES_ERROR;
				GCC_WARN_UNDECLARED_SELECTOR = YES;
				GCC_WARN_UNINITIALIZED_AUTOS = YES_AGGRESSIVE;
				GCC_WARN_UNUSED_FUNCTION = YES;
				GCC_WARN_UNUSED_VARIABLE = YES;
				IPHONEOS_DEPLOYMENT_TARGET = 12.4;
				MTL_ENABLE_DEBUG_INFO = INCLUDE_SOURCE;
				MTL_FAST_MATH = YES;
				ONLY_ACTIVE_ARCH = YES;
				SDKROOT = iphoneos;
				SWIFT_ACTIVE_COMPILATION_CONDITIONS = DEBUG;
				SWIFT_OPTIMIZATION_LEVEL = "-Onone";
			};
			name = Debug;
		};
		F911EF1A230D0EA4009A8913 /* Release */ = {
			isa = XCBuildConfiguration;
			buildSettings = {
				ALWAYS_SEARCH_USER_PATHS = NO;
				CLANG_ANALYZER_NONNULL = YES;
				CLANG_ANALYZER_NUMBER_OBJECT_CONVERSION = YES_AGGRESSIVE;
				CLANG_CXX_LANGUAGE_STANDARD = "gnu++14";
				CLANG_CXX_LIBRARY = "libc++";
				CLANG_ENABLE_MODULES = YES;
				CLANG_ENABLE_OBJC_ARC = YES;
				CLANG_ENABLE_OBJC_WEAK = YES;
				CLANG_WARN_BLOCK_CAPTURE_AUTORELEASING = YES;
				CLANG_WARN_BOOL_CONVERSION = YES;
				CLANG_WARN_COMMA = YES;
				CLANG_WARN_CONSTANT_CONVERSION = YES;
				CLANG_WARN_DEPRECATED_OBJC_IMPLEMENTATIONS = YES;
				CLANG_WARN_DIRECT_OBJC_ISA_USAGE = YES_ERROR;
				CLANG_WARN_DOCUMENTATION_COMMENTS = YES;
				CLANG_WARN_EMPTY_BODY = YES;
				CLANG_WARN_ENUM_CONVERSION = YES;
				CLANG_WARN_INFINITE_RECURSION = YES;
				CLANG_WARN_INT_CONVERSION = YES;
				CLANG_WARN_NON_LITERAL_NULL_CONVERSION = YES;
				CLANG_WARN_OBJC_IMPLICIT_RETAIN_SELF = YES;
				CLANG_WARN_OBJC_LITERAL_CONVERSION = YES;
				CLANG_WARN_OBJC_ROOT_CLASS = YES_ERROR;
				CLANG_WARN_RANGE_LOOP_ANALYSIS = YES;
				CLANG_WARN_STRICT_PROTOTYPES = YES;
				CLANG_WARN_SUSPICIOUS_MOVE = YES;
				CLANG_WARN_UNGUARDED_AVAILABILITY = YES_AGGRESSIVE;
				CLANG_WARN_UNREACHABLE_CODE = YES;
				CLANG_WARN__DUPLICATE_METHOD_MATCH = YES;
				CODE_SIGN_IDENTITY = "iPhone Developer";
				COPY_PHASE_STRIP = NO;
				DEBUG_INFORMATION_FORMAT = "dwarf-with-dsym";
				ENABLE_NS_ASSERTIONS = NO;
				ENABLE_STRICT_OBJC_MSGSEND = YES;
				GCC_C_LANGUAGE_STANDARD = gnu11;
				GCC_NO_COMMON_BLOCKS = YES;
				GCC_WARN_64_TO_32_BIT_CONVERSION = YES;
				GCC_WARN_ABOUT_RETURN_TYPE = YES_ERROR;
				GCC_WARN_UNDECLARED_SELECTOR = YES;
				GCC_WARN_UNINITIALIZED_AUTOS = YES_AGGRESSIVE;
				GCC_WARN_UNUSED_FUNCTION = YES;
				GCC_WARN_UNUSED_VARIABLE = YES;
				IPHONEOS_DEPLOYMENT_TARGET = 12.4;
				MTL_ENABLE_DEBUG_INFO = NO;
				MTL_FAST_MATH = YES;
				SDKROOT = iphoneos;
				SWIFT_COMPILATION_MODE = wholemodule;
				SWIFT_OPTIMIZATION_LEVEL = "-O";
				VALIDATE_PRODUCT = YES;
			};
			name = Release;
		};
		F911EF1C230D0EA4009A8913 /* Debug */ = {
			isa = XCBuildConfiguration;
			baseConfigurationReference = 26DD62FB0C69BCBF900877F7 /* Pods-GitHubAPIExercise.debug.xcconfig */;
			buildSettings = {
				ASSETCATALOG_COMPILER_APPICON_NAME = AppIcon;
				CODE_SIGN_STYLE = Automatic;
				DEVELOPMENT_TEAM = C6T929VMZT;
				INFOPLIST_FILE = GitHubAPIExercise/Info.plist;
				LD_RUNPATH_SEARCH_PATHS = (
					"$(inherited)",
					"@executable_path/Frameworks",
				);
				PRODUCT_BUNDLE_IDENTIFIER = kr.inswag.GitHubAPIExercise;
				PRODUCT_NAME = "$(TARGET_NAME)";
				SWIFT_VERSION = 5.0;
				TARGETED_DEVICE_FAMILY = "1,2";
			};
			name = Debug;
		};
		F911EF1D230D0EA4009A8913 /* Release */ = {
			isa = XCBuildConfiguration;
			baseConfigurationReference = EED40071EAD9BFE4A0FD0B28 /* Pods-GitHubAPIExercise.release.xcconfig */;
			buildSettings = {
				ASSETCATALOG_COMPILER_APPICON_NAME = AppIcon;
				CODE_SIGN_STYLE = Automatic;
				DEVELOPMENT_TEAM = C6T929VMZT;
				INFOPLIST_FILE = GitHubAPIExercise/Info.plist;
				LD_RUNPATH_SEARCH_PATHS = (
					"$(inherited)",
					"@executable_path/Frameworks",
				);
				PRODUCT_BUNDLE_IDENTIFIER = kr.inswag.GitHubAPIExercise;
				PRODUCT_NAME = "$(TARGET_NAME)";
				SWIFT_VERSION = 5.0;
				TARGETED_DEVICE_FAMILY = "1,2";
			};
			name = Release;
		};
/* End XCBuildConfiguration section */

/* Begin XCConfigurationList section */
		F911EF04230D0EA2009A8913 /* Build configuration list for PBXProject "GitHubAPIExercise" */ = {
			isa = XCConfigurationList;
			buildConfigurations = (
				F911EF19230D0EA4009A8913 /* Debug */,
				F911EF1A230D0EA4009A8913 /* Release */,
			);
			defaultConfigurationIsVisible = 0;
			defaultConfigurationName = Release;
		};
		F911EF1B230D0EA4009A8913 /* Build configuration list for PBXNativeTarget "GitHubAPIExercise" */ = {
			isa = XCConfigurationList;
			buildConfigurations = (
				F911EF1C230D0EA4009A8913 /* Debug */,
				F911EF1D230D0EA4009A8913 /* Release */,
			);
			defaultConfigurationIsVisible = 0;
			defaultConfigurationName = Release;
		};
/* End XCConfigurationList section */
	};
	rootObject = F911EF01230D0EA2009A8913 /* Project object */;
}
